// !$*UTF8*$!
{
	archiveVersion = 1;
	classes = {
	};
	objectVersion = 46;
	objects = {

/* Begin PBXBuildFile section */
		B446B4731B959B3700C09FA8 /* rock.swift in Sources */ = {isa = PBXBuildFile; fileRef = B446B4721B959B3700C09FA8 /* rock.swift */; };
		B446B4A71B99456900C09FA8 /* finish.swift in Sources */ = {isa = PBXBuildFile; fileRef = B446B4A61B99456900C09FA8 /* finish.swift */; };
		B446B4A91B994EF500C09FA8 /* people.swift in Sources */ = {isa = PBXBuildFile; fileRef = B446B4A81B994EF500C09FA8 /* people.swift */; };
		B446B4AB1B99906300C09FA8 /* transition.swift in Sources */ = {isa = PBXBuildFile; fileRef = B446B4AA1B99906300C09FA8 /* transition.swift */; };
		B457B98C1B8C3DAA00898802 /* AppDelegate.swift in Sources */ = {isa = PBXBuildFile; fileRef = B457B98B1B8C3DAA00898802 /* AppDelegate.swift */; };
		B457B98E1B8C3DAA00898802 /* GameScene.sks in Resources */ = {isa = PBXBuildFile; fileRef = B457B98D1B8C3DAA00898802 /* GameScene.sks */; };
		B457B9901B8C3DAA00898802 /* GameScene.swift in Sources */ = {isa = PBXBuildFile; fileRef = B457B98F1B8C3DAA00898802 /* GameScene.swift */; };
		B457B9921B8C3DAA00898802 /* GameViewController.swift in Sources */ = {isa = PBXBuildFile; fileRef = B457B9911B8C3DAA00898802 /* GameViewController.swift */; };
		B457B9951B8C3DAA00898802 /* Main.storyboard in Resources */ = {isa = PBXBuildFile; fileRef = B457B9931B8C3DAA00898802 /* Main.storyboard */; };
		B457B9971B8C3DAA00898802 /* Images.xcassets in Resources */ = {isa = PBXBuildFile; fileRef = B457B9961B8C3DAA00898802 /* Images.xcassets */; };
		B457B99A1B8C3DAA00898802 /* LaunchScreen.xib in Resources */ = {isa = PBXBuildFile; fileRef = B457B9981B8C3DAA00898802 /* LaunchScreen.xib */; };
		B457B9A61B8C3DAA00898802 /* __Tests.swift in Sources */ = {isa = PBXBuildFile; fileRef = B457B9A51B8C3DAA00898802 /* __Tests.swift */; };
		B4B628F91B8C932A00885EEB /* barrier.swift in Sources */ = {isa = PBXBuildFile; fileRef = B4B628F81B8C932A00885EEB /* barrier.swift */; };
		B4C614EF1BA957E300486214 /* life.tif in Resources */ = {isa = PBXBuildFile; fileRef = B4C614EE1BA957E300486214 /* life.tif */; };
		B4C614F11BA9663600486214 /* buttom.tif in Resources */ = {isa = PBXBuildFile; fileRef = B4C614F01BA9663600486214 /* buttom.tif */; };
		B4C614F31BABB47700486214 /* save.swift in Sources */ = {isa = PBXBuildFile; fileRef = B4C614F21BABB47700486214 /* save.swift */; };
		B4C614F51BABED3A00486214 /* stop.tif in Resources */ = {isa = PBXBuildFile; fileRef = B4C614F41BABED3A00486214 /* stop.tif */; };
/* End PBXBuildFile section */

/* Begin PBXContainerItemProxy section */
		B457B9A01B8C3DAA00898802 /* PBXContainerItemProxy */ = {
			isa = PBXContainerItemProxy;
			containerPortal = B457B97E1B8C3DAA00898802 /* Project object */;
			proxyType = 1;
			remoteGlobalIDString = B457B9851B8C3DAA00898802;
			remoteInfo = "寻路";
		};
/* End PBXContainerItemProxy section */

/* Begin PBXFileReference section */
		B446B4721B959B3700C09FA8 /* rock.swift */ = {isa = PBXFileReference; fileEncoding = 4; lastKnownFileType = sourcecode.swift; path = rock.swift; sourceTree = "<group>"; };
		B446B4A61B99456900C09FA8 /* finish.swift */ = {isa = PBXFileReference; fileEncoding = 4; lastKnownFileType = sourcecode.swift; path = finish.swift; sourceTree = "<group>"; };
		B446B4A81B994EF500C09FA8 /* people.swift */ = {isa = PBXFileReference; fileEncoding = 4; lastKnownFileType = sourcecode.swift; path = people.swift; sourceTree = "<group>"; };
		B446B4AA1B99906300C09FA8 /* transition.swift */ = {isa = PBXFileReference; fileEncoding = 4; lastKnownFileType = sourcecode.swift; path = transition.swift; sourceTree = "<group>"; };
		B457B9861B8C3DAA00898802 /* 寻路.app */ = {isa = PBXFileReference; explicitFileType = wrapper.application; includeInIndex = 0; path = "寻路.app"; sourceTree = BUILT_PRODUCTS_DIR; };
		B457B98A1B8C3DAA00898802 /* Info.plist */ = {isa = PBXFileReference; lastKnownFileType = text.plist.xml; path = Info.plist; sourceTree = "<group>"; };
		B457B98B1B8C3DAA00898802 /* AppDelegate.swift */ = {isa = PBXFileReference; lastKnownFileType = sourcecode.swift; path = AppDelegate.swift; sourceTree = "<group>"; };
		B457B98D1B8C3DAA00898802 /* GameScene.sks */ = {isa = PBXFileReference; lastKnownFileType = file.sks; path = GameScene.sks; sourceTree = "<group>"; };
		B457B98F1B8C3DAA00898802 /* GameScene.swift */ = {isa = PBXFileReference; lastKnownFileType = sourcecode.swift; path = GameScene.swift; sourceTree = "<group>"; };
		B457B9911B8C3DAA00898802 /* GameViewController.swift */ = {isa = PBXFileReference; lastKnownFileType = sourcecode.swift; path = GameViewController.swift; sourceTree = "<group>"; };
		B457B9941B8C3DAA00898802 /* Base */ = {isa = PBXFileReference; lastKnownFileType = file.storyboard; name = Base; path = Base.lproj/Main.storyboard; sourceTree = "<group>"; };
		B457B9961B8C3DAA00898802 /* Images.xcassets */ = {isa = PBXFileReference; lastKnownFileType = folder.assetcatalog; path = Images.xcassets; sourceTree = "<group>"; };
		B457B9991B8C3DAA00898802 /* Base */ = {isa = PBXFileReference; lastKnownFileType = file.xib; name = Base; path = Base.lproj/LaunchScreen.xib; sourceTree = "<group>"; };
		B457B99F1B8C3DAA00898802 /* 寻路Tests.xctest */ = {isa = PBXFileReference; explicitFileType = wrapper.cfbundle; includeInIndex = 0; path = "寻路Tests.xctest"; sourceTree = BUILT_PRODUCTS_DIR; };
		B457B9A41B8C3DAA00898802 /* Info.plist */ = {isa = PBXFileReference; lastKnownFileType = text.plist.xml; path = Info.plist; sourceTree = "<group>"; };
		B457B9A51B8C3DAA00898802 /* __Tests.swift */ = {isa = PBXFileReference; lastKnownFileType = sourcecode.swift; path = __Tests.swift; sourceTree = "<group>"; };
		B4B628F81B8C932A00885EEB /* barrier.swift */ = {isa = PBXFileReference; fileEncoding = 4; lastKnownFileType = sourcecode.swift; path = barrier.swift; sourceTree = "<group>"; };
		B4C614EE1BA957E300486214 /* life.tif */ = {isa = PBXFileReference; lastKnownFileType = image.tiff; name = life.tif; path = "../../../../Documents/别碰我/No-Touch/No-Touch/别碰我/Images.xcassets/life.tif"; sourceTree = "<group>"; };
		B4C614F01BA9663600486214 /* buttom.tif */ = {isa = PBXFileReference; lastKnownFileType = image.tiff; name = buttom.tif; path = "../../../../Documents/别碰我/No-Touch/No-Touch/别碰我/Images.xcassets/buttom.tif"; sourceTree = "<group>"; };
		B4C614F21BABB47700486214 /* save.swift */ = {isa = PBXFileReference; fileEncoding = 4; lastKnownFileType = sourcecode.swift; path = save.swift; sourceTree = "<group>"; };
		B4C614F41BABED3A00486214 /* stop.tif */ = {isa = PBXFileReference; lastKnownFileType = image.tiff; name = stop.tif; path = "../../../../Documents/别碰我/No-Touch/No-Touch/别碰我/Images.xcassets/stop.tif"; sourceTree = "<group>"; };
/* End PBXFileReference section */

/* Begin PBXFrameworksBuildPhase section */
		B457B9831B8C3DAA00898802 /* Frameworks */ = {
			isa = PBXFrameworksBuildPhase;
			buildActionMask = 2147483647;
			files = (
			);
			runOnlyForDeploymentPostprocessing = 0;
		};
		B457B99C1B8C3DAA00898802 /* Frameworks */ = {
			isa = PBXFrameworksBuildPhase;
			buildActionMask = 2147483647;
			files = (
			);
			runOnlyForDeploymentPostprocessing = 0;
		};
/* End PBXFrameworksBuildPhase section */

/* Begin PBXGroup section */
		B457B97D1B8C3DAA00898802 = {
			isa = PBXGroup;
			children = (
				B457B9881B8C3DAA00898802 /* 寻路 */,
				B457B9A21B8C3DAA00898802 /* 寻路Tests */,
				B457B9871B8C3DAA00898802 /* Products */,
			);
			sourceTree = "<group>";
		};
		B457B9871B8C3DAA00898802 /* Products */ = {
			isa = PBXGroup;
			children = (
				B457B9861B8C3DAA00898802 /* 寻路.app */,
				B457B99F1B8C3DAA00898802 /* 寻路Tests.xctest */,
			);
			name = Products;
			sourceTree = "<group>";
		};
		B457B9881B8C3DAA00898802 /* 寻路 */ = {
			isa = PBXGroup;
			children = (
				B457B98B1B8C3DAA00898802 /* AppDelegate.swift */,
				B457B98D1B8C3DAA00898802 /* GameScene.sks */,
				B457B98F1B8C3DAA00898802 /* GameScene.swift */,
				B4B628F81B8C932A00885EEB /* barrier.swift */,
				B446B4721B959B3700C09FA8 /* rock.swift */,
				B446B4A61B99456900C09FA8 /* finish.swift */,
				B446B4A81B994EF500C09FA8 /* people.swift */,
				B446B4AA1B99906300C09FA8 /* transition.swift */,
				B4C614F21BABB47700486214 /* save.swift */,
				B457B9911B8C3DAA00898802 /* GameViewController.swift */,
				B457B9931B8C3DAA00898802 /* Main.storyboard */,
				B457B9961B8C3DAA00898802 /* Images.xcassets */,
				B457B9981B8C3DAA00898802 /* LaunchScreen.xib */,
				B457B9891B8C3DAA00898802 /* Supporting Files */,
			);
			path = "寻路";
			sourceTree = "<group>";
		};
		B457B9891B8C3DAA00898802 /* Supporting Files */ = {
			isa = PBXGroup;
			children = (
				B4C614F41BABED3A00486214 /* stop.tif */,
				B4C614F01BA9663600486214 /* buttom.tif */,
				B4C614EE1BA957E300486214 /* life.tif */,
				B457B98A1B8C3DAA00898802 /* Info.plist */,
			);
			name = "Supporting Files";
			sourceTree = "<group>";
		};
		B457B9A21B8C3DAA00898802 /* 寻路Tests */ = {
			isa = PBXGroup;
			children = (
				B457B9A51B8C3DAA00898802 /* __Tests.swift */,
				B457B9A31B8C3DAA00898802 /* Supporting Files */,
			);
			path = "寻路Tests";
			sourceTree = "<group>";
		};
		B457B9A31B8C3DAA00898802 /* Supporting Files */ = {
			isa = PBXGroup;
			children = (
				B457B9A41B8C3DAA00898802 /* Info.plist */,
			);
			name = "Supporting Files";
			sourceTree = "<group>";
		};
/* End PBXGroup section */

/* Begin PBXNativeTarget section */
		B457B9851B8C3DAA00898802 /* 寻路 */ = {
			isa = PBXNativeTarget;
			buildConfigurationList = B457B9A91B8C3DAA00898802 /* Build configuration list for PBXNativeTarget "寻路" */;
			buildPhases = (
				B457B9821B8C3DAA00898802 /* Sources */,
				B457B9831B8C3DAA00898802 /* Frameworks */,
				B457B9841B8C3DAA00898802 /* Resources */,
			);
			buildRules = (
			);
			dependencies = (
			);
			name = "寻路";
			productName = "寻路";
			productReference = B457B9861B8C3DAA00898802 /* 寻路.app */;
			productType = "com.apple.product-type.application";
		};
		B457B99E1B8C3DAA00898802 /* 寻路Tests */ = {
			isa = PBXNativeTarget;
			buildConfigurationList = B457B9AC1B8C3DAA00898802 /* Build configuration list for PBXNativeTarget "寻路Tests" */;
			buildPhases = (
				B457B99B1B8C3DAA00898802 /* Sources */,
				B457B99C1B8C3DAA00898802 /* Frameworks */,
				B457B99D1B8C3DAA00898802 /* Resources */,
			);
			buildRules = (
			);
			dependencies = (
				B457B9A11B8C3DAA00898802 /* PBXTargetDependency */,
			);
			name = "寻路Tests";
			productName = "寻路Tests";
			productReference = B457B99F1B8C3DAA00898802 /* 寻路Tests.xctest */;
			productType = "com.apple.product-type.bundle.unit-test";
		};
/* End PBXNativeTarget section */

/* Begin PBXProject section */
		B457B97E1B8C3DAA00898802 /* Project object */ = {
			isa = PBXProject;
			attributes = {
				LastUpgradeCheck = 0630;
				ORGANIZATIONNAME = Zhangfutian;
				TargetAttributes = {
					B457B9851B8C3DAA00898802 = {
						CreatedOnToolsVersion = 6.3.2;
					};
					B457B99E1B8C3DAA00898802 = {
						CreatedOnToolsVersion = 6.3.2;
						TestTargetID = B457B9851B8C3DAA00898802;
					};
				};
			};
			buildConfigurationList = B457B9811B8C3DAA00898802 /* Build configuration list for PBXProject "寻路" */;
			compatibilityVersion = "Xcode 3.2";
			developmentRegion = English;
			hasScannedForEncodings = 0;
			knownRegions = (
				en,
				Base,
			);
			mainGroup = B457B97D1B8C3DAA00898802;
			productRefGroup = B457B9871B8C3DAA00898802 /* Products */;
			projectDirPath = "";
			projectRoot = "";
			targets = (
				B457B9851B8C3DAA00898802 /* 寻路 */,
				B457B99E1B8C3DAA00898802 /* 寻路Tests */,
			);
		};
/* End PBXProject section */

/* Begin PBXResourcesBuildPhase section */
		B457B9841B8C3DAA00898802 /* Resources */ = {
			isa = PBXResourcesBuildPhase;
			buildActionMask = 2147483647;
			files = (
				B4C614F11BA9663600486214 /* buttom.tif in Resources */,
				B457B99A1B8C3DAA00898802 /* LaunchScreen.xib in Resources */,
				B4C614F51BABED3A00486214 /* stop.tif in Resources */,
				B457B9971B8C3DAA00898802 /* Images.xcassets in Resources */,
				B4C614EF1BA957E300486214 /* life.tif in Resources */,
				B457B98E1B8C3DAA00898802 /* GameScene.sks in Resources */,
				B457B9951B8C3DAA00898802 /* Main.storyboard in Resources */,
			);
			runOnlyForDeploymentPostprocessing = 0;
		};
		B457B99D1B8C3DAA00898802 /* Resources */ = {
			isa = PBXResourcesBuildPhase;
			buildActionMask = 2147483647;
			files = (
			);
			runOnlyForDeploymentPostprocessing = 0;
		};
/* End PBXResourcesBuildPhase section */

/* Begin PBXSourcesBuildPhase section */
		B457B9821B8C3DAA00898802 /* Sources */ = {
			isa = PBXSourcesBuildPhase;
			buildActionMask = 2147483647;
			files = (
				B446B4A91B994EF500C09FA8 /* people.swift in Sources */,
				B446B4A71B99456900C09FA8 /* finish.swift in Sources */,
				B457B9901B8C3DAA00898802 /* GameScene.swift in Sources */,
				B4C614F31BABB47700486214 /* save.swift in Sources */,
				B446B4731B959B3700C09FA8 /* rock.swift in Sources */,
				B457B9921B8C3DAA00898802 /* GameViewController.swift in Sources */,
				B457B98C1B8C3DAA00898802 /* AppDelegate.swift in Sources */,
				B446B4AB1B99906300C09FA8 /* transition.swift in Sources */,
				B4B628F91B8C932A00885EEB /* barrier.swift in Sources */,
			);
			runOnlyForDeploymentPostprocessing = 0;
		};
		B457B99B1B8C3DAA00898802 /* Sources */ = {
			isa = PBXSourcesBuildPhase;
			buildActionMask = 2147483647;
			files = (
				B457B9A61B8C3DAA00898802 /* __Tests.swift in Sources */,
			);
			runOnlyForDeploymentPostprocessing = 0;
		};
/* End PBXSourcesBuildPhase section */

/* Begin PBXTargetDependency section */
		B457B9A11B8C3DAA00898802 /* PBXTargetDependency */ = {
			isa = PBXTargetDependency;
			target = B457B9851B8C3DAA00898802 /* 寻路 */;
			targetProxy = B457B9A01B8C3DAA00898802 /* PBXContainerItemProxy */;
		};
/* End PBXTargetDependency section */

/* Begin PBXVariantGroup section */
		B457B9931B8C3DAA00898802 /* Main.storyboard */ = {
			isa = PBXVariantGroup;
			children = (
				B457B9941B8C3DAA00898802 /* Base */,
			);
			name = Main.storyboard;
			sourceTree = "<group>";
		};
		B457B9981B8C3DAA00898802 /* LaunchScreen.xib */ = {
			isa = PBXVariantGroup;
			children = (
				B457B9991B8C3DAA00898802 /* Base */,
			);
			name = LaunchScreen.xib;
			sourceTree = "<group>";
		};
/* End PBXVariantGroup section */

/* Begin XCBuildConfiguration section */
		B457B9A71B8C3DAA00898802 /* Debug */ = {
			isa = XCBuildConfiguration;
			buildSettings = {
				ALWAYS_SEARCH_USER_PATHS = NO;
				CLANG_CXX_LANGUAGE_STANDARD = "gnu++0x";
				CLANG_CXX_LIBRARY = "libc++";
				CLANG_ENABLE_MODULES = YES;
				CLANG_ENABLE_OBJC_ARC = YES;
				CLANG_WARN_BOOL_CONVERSION = YES;
				CLANG_WARN_CONSTANT_CONVERSION = YES;
				CLANG_WARN_DIRECT_OBJC_ISA_USAGE = YES_ERROR;
				CLANG_WARN_EMPTY_BODY = YES;
				CLANG_WARN_ENUM_CONVERSION = YES;
				CLANG_WARN_INT_CONVERSION = YES;
				CLANG_WARN_OBJC_ROOT_CLASS = YES_ERROR;
				CLANG_WARN_UNREACHABLE_CODE = YES;
				CLANG_WARN__DUPLICATE_METHOD_MATCH = YES;
				"CODE_SIGN_IDENTITY[sdk=iphoneos*]" = "iPhone Developer";
				COPY_PHASE_STRIP = NO;
				DEBUG_INFORMATION_FORMAT = "dwarf-with-dsym";
				ENABLE_STRICT_OBJC_MSGSEND = YES;
				GCC_C_LANGUAGE_STANDARD = gnu99;
				GCC_DYNAMIC_NO_PIC = NO;
				GCC_NO_COMMON_BLOCKS = YES;
				GCC_OPTIMIZATION_LEVEL = 0;
				GCC_PREPROCESSOR_DEFINITIONS = (
					"DEBUG=1",
					"$(inherited)",
				);
				GCC_SYMBOLS_PRIVATE_EXTERN = NO;
				GCC_WARN_64_TO_32_BIT_CONVERSION = YES;
				GCC_WARN_ABOUT_RETURN_TYPE = YES_ERROR;
				GCC_WARN_UNDECLARED_SELECTOR = YES;
				GCC_WARN_UNINITIALIZED_AUTOS = YES_AGGRESSIVE;
				GCC_WARN_UNUSED_FUNCTION = YES;
				GCC_WARN_UNUSED_VARIABLE = YES;
				IPHONEOS_DEPLOYMENT_TARGET = 8.3;
				MTL_ENABLE_DEBUG_INFO = YES;
				ONLY_ACTIVE_ARCH = YES;
				SDKROOT = iphoneos;
				SWIFT_OPTIMIZATION_LEVEL = "-Onone";
				TARGETED_DEVICE_FAMILY = "1,2";
			};
			name = Debug;
		};
		B457B9A81B8C3DAA00898802 /* Release */ = {
			isa = XCBuildConfiguration;
			buildSettings = {
				ALWAYS_SEARCH_USER_PATHS = NO;
				CLANG_CXX_LANGUAGE_STANDARD = "gnu++0x";
				CLANG_CXX_LIBRARY = "libc++";
				CLANG_ENABLE_MODULES = YES;
				CLANG_ENABLE_OBJC_ARC = YES;
				CLANG_WARN_BOOL_CONVERSION = YES;
				CLANG_WARN_CONSTANT_CONVERSION = YES;
				CLANG_WARN_DIRECT_OBJC_ISA_USAGE = YES_ERROR;
				CLANG_WARN_EMPTY_BODY = YES;
				CLANG_WARN_ENUM_CONVERSION = YES;
				CLANG_WARN_INT_CONVERSION = YES;
				CLANG_WARN_OBJC_ROOT_CLASS = YES_ERROR;
				CLANG_WARN_UNREACHABLE_CODE = YES;
				CLANG_WARN__DUPLICATE_METHOD_MATCH = YES;
				"CODE_SIGN_IDENTITY[sdk=iphoneos*]" = "iPhone Developer";
				COPY_PHASE_STRIP = NO;
				DEBUG_INFORMATION_FORMAT = "dwarf-with-dsym";
				ENABLE_NS_ASSERTIONS = NO;
				ENABLE_STRICT_OBJC_MSGSEND = YES;
				GCC_C_LANGUAGE_STANDARD = gnu99;
				GCC_NO_COMMON_BLOCKS = YES;
				GCC_WARN_64_TO_32_BIT_CONVERSION = YES;
				GCC_WARN_ABOUT_RETURN_TYPE = YES_ERROR;
				GCC_WARN_UNDECLARED_SELECTOR = YES;
				GCC_WARN_UNINITIALIZED_AUTOS = YES_AGGRESSIVE;
				GCC_WARN_UNUSED_FUNCTION = YES;
				GCC_WARN_UNUSED_VARIABLE = YES;
				IPHONEOS_DEPLOYMENT_TARGET = 8.3;
				MTL_ENABLE_DEBUG_INFO = NO;
				SDKROOT = iphoneos;
				TARGETED_DEVICE_FAMILY = "1,2";
				VALIDATE_PRODUCT = YES;
			};
			name = Release;
		};
		B457B9AA1B8C3DAA00898802 /* Debug */ = {
			isa = XCBuildConfiguration;
			buildSettings = {
				ASSETCATALOG_COMPILER_APPICON_NAME = AppIcon;
				INFOPLIST_FILE = "寻路/Info.plist";
				LD_RUNPATH_SEARCH_PATHS = "$(inherited) @executable_path/Frameworks";
				PRODUCT_NAME = "$(TARGET_NAME)";
			};
			name = Debug;
		};
		B457B9AB1B8C3DAA00898802 /* Release */ = {
			isa = XCBuildConfiguration;
			buildSettings = {
				ASSETCATALOG_COMPILER_APPICON_NAME = AppIcon;
				INFOPLIST_FILE = "寻路/Info.plist";
				LD_RUNPATH_SEARCH_PATHS = "$(inherited) @executable_path/Frameworks";
				PRODUCT_NAME = "$(TARGET_NAME)";
			};
			name = Release;
		};
		B457B9AD1B8C3DAA00898802 /* Debug */ = {
			isa = XCBuildConfiguration;
			buildSettings = {
				BUNDLE_LOADER = "$(TEST_HOST)";
				FRAMEWORK_SEARCH_PATHS = (
					"$(SDKROOT)/Developer/Library/Frameworks",
					"$(inherited)",
				);
				GCC_PREPROCESSOR_DEFINITIONS = (
					"DEBUG=1",
					"$(inherited)",
				);
				INFOPLIST_FILE = "寻路Tests/Info.plist";
				LD_RUNPATH_SEARCH_PATHS = "$(inherited) @executable_path/Frameworks @loader_path/Frameworks";
				PRODUCT_NAME = "$(TARGET_NAME)";
				TEST_HOST = "$(BUILT_PRODUCTS_DIR)/寻路.app/寻路";
			};
			name = Debug;
		};
		B457B9AE1B8C3DAA00898802 /* Release */ = {
			isa = XCBuildConfiguration;
			buildSettings = {
				BUNDLE_LOADER = "$(TEST_HOST)";
				FRAMEWORK_SEARCH_PATHS = (
					"$(SDKROOT)/Developer/Library/Frameworks",
					"$(inherited)",
				);
				INFOPLIST_FILE = "寻路Tests/Info.plist";
				LD_RUNPATH_SEARCH_PATHS = "$(inherited) @executable_path/Frameworks @loader_path/Frameworks";
				PRODUCT_NAME = "$(TARGET_NAME)";
				TEST_HOST = "$(BUILT_PRODUCTS_DIR)/寻路.app/寻路";
			};
			name = Release;
		};
/* End XCBuildConfiguration section */

/* Begin XCConfigurationList section */
		B457B9811B8C3DAA00898802 /* Build configuration list for PBXProject "寻路" */ = {
			isa = XCConfigurationList;
			buildConfigurations = (
				B457B9A71B8C3DAA00898802 /* Debug */,
				B457B9A81B8C3DAA00898802 /* Release */,
			);
			defaultConfigurationIsVisible = 0;
			defaultConfigurationName = Release;
		};
		B457B9A91B8C3DAA00898802 /* Build configuration list for PBXNativeTarget "寻路" */ = {
			isa = XCConfigurationList;
			buildConfigurations = (
				B457B9AA1B8C3DAA00898802 /* Debug */,
				B457B9AB1B8C3DAA00898802 /* Release */,
			);
			defaultConfigurationIsVisible = 0;
			defaultConfigurationName = Release;
		};
		B457B9AC1B8C3DAA00898802 /* Build configuration list for PBXNativeTarget "寻路Tests" */ = {
			isa = XCConfigurationList;
			buildConfigurations = (
				B457B9AD1B8C3DAA00898802 /* Debug */,
				B457B9AE1B8C3DAA00898802 /* Release */,
			);
			defaultConfigurationIsVisible = 0;
			defaultConfigurationName = Release;
		};
/* End XCConfigurationList section */
	};
	rootObject = B457B97E1B8C3DAA00898802 /* Project object */;
}
